<Solution>
  <Folder Name="/Solution Items/">
    <File Path=".gitattributes" />
    <File Path=".gitignore" />
    <File Path=".gitmodules" />
    <File Path="LICENSE.txt" />
    <File Path="README.md" />
  </Folder>
  <Project Path="StringSpectrum/StringSpectrum.csproj">
    <BuildDependency Project="StringSpectrum.Shader/StringSpectrum.Shader.vcxproj" />
  </Project>
  <Project Path="StringSpectrum.Tests/StringSpectrum.Tests.csproj" />
  <Project Path="StringSpectrum.Shader/StringSpectrum.Shader.vcxproj">
    <BuildType Solution="*|*" Project="Release" />
    <Platform Solution="*|*" Project="Win32" />
  </Project>
  <Project Path="YukkuriMovieMaker.Generator/YukkuriMovieMaker.Generator/YukkuriMovieMaker.Generator.csproj" />
  <Project Path="YukkuriMovieMaker.Generator/YukkuriMovieMaker.Generator.Build/YukkuriMovieMaker.Generator.Build.csproj">
    <BuildType Solution="*|*" Project="Debug" />
    <Platform Solution="*|*" Project="Any CPU" />
  </Project>
</Solution>
