<Solution>
  <Project Path="StringSpectrum/StringSpectrum.csproj">
    <BuildDependency Project="StringSpectrum.Shader/StringSpectrum.Shader.vcxproj" />
  </Project>
  <Project Path="StringSpectrum.Shader/StringSpectrum.Shader.vcxproj">
    <BuildType Solution="*|*" Project="Release" />
    <Platform Solution="*|*" Project="Win32" />
  </Project>
</Solution>
